// !$*UTF8*$!
{
	archiveVersion = 1;
	classes = {
	};
	objectVersion = 46;
	objects = {

/* Begin PBXBuildFile section */
		7E056E181B622CD1007513EF /* main.m in Sources */ = {isa = PBXBuildFile; fileRef = 7E056E171B622CD1007513EF /* main.m */; };
		7E056E1B1B622CD1007513EF /* AppDelegate.m in Sources */ = {isa = PBXBuildFile; fileRef = 7E056E1A1B622CD1007513EF /* AppDelegate.m */; };
		7E056E1E1B622CD1007513EF /* ViewController.m in Sources */ = {isa = PBXBuildFile; fileRef = 7E056E1D1B622CD1007513EF /* ViewController.m */; };
		7E056E211B622CD1007513EF /* Main.storyboard in Resources */ = {isa = PBXBuildFile; fileRef = 7E056E1F1B622CD1007513EF /* Main.storyboard */; };
		7E056E231B622CD1007513EF /* Images.xcassets in Resources */ = {isa = PBXBuildFile; fileRef = 7E056E221B622CD1007513EF /* Images.xcassets */; };
		7E056E261B622CD1007513EF /* LaunchScreen.xib in Resources */ = {isa = PBXBuildFile; fileRef = 7E056E241B622CD1007513EF /* LaunchScreen.xib */; };
		7E056E321B622CD1007513EF /* testAppTests.m in Sources */ = {isa = PBXBuildFile; fileRef = 7E056E311B622CD1007513EF /* testAppTests.m */; };
/* End PBXBuildFile section */

/* Begin PBXContainerItemProxy section */
		7E056E2C1B622CD1007513EF /* PBXContainerItemProxy */ = {
			isa = PBXContainerItemProxy;
			containerPortal = 7E056E0A1B622CD1007513EF /* Project object */;
			proxyType = 1;
			remoteGlobalIDString = 7E056E111B622CD1007513EF;
			remoteInfo = testApp;
		};
/* End PBXContainerItemProxy section */

/* Begin PBXFileReference section */
		7E056E121B622CD1007513EF /* testApp.app */ = {isa = PBXFileReference; explicitFileType = wrapper.application; includeInIndex = 0; path = testApp.app; sourceTree = BUILT_PRODUCTS_DIR; };
		7E056E161B622CD1007513EF /* Info.plist */ = {isa = PBXFileReference; lastKnownFileType = text.plist.xml; path = Info.plist; sourceTree = "<group>"; };
		7E056E171B622CD1007513EF /* main.m */ = {isa = PBXFileReference; lastKnownFileType = sourcecode.c.objc; path = main.m; sourceTree = "<group>"; };
		7E056E191B622CD1007513EF /* AppDelegate.h */ = {isa = PBXFileReference; lastKnownFileType = sourcecode.c.h; path = AppDelegate.h; sourceTree = "<group>"; };
		7E056E1A1B622CD1007513EF /* AppDelegate.m */ = {isa = PBXFileReference; lastKnownFileType = sourcecode.c.objc; path = AppDelegate.m; sourceTree = "<group>"; };
		7E056E1C1B622CD1007513EF /* ViewController.h */ = {isa = PBXFileReference; lastKnownFileType = sourcecode.c.h; path = ViewController.h; sourceTree = "<group>"; };
		7E056E1D1B622CD1007513EF /* ViewController.m */ = {isa = PBXFileReference; lastKnownFileType = sourcecode.c.objc; path = ViewController.m; sourceTree = "<group>"; };
		7E056E201B622CD1007513EF /* Base */ = {isa = PBXFileReference; lastKnownFileType = file.storyboard; name = Base; path = Base.lproj/Main.storyboard; sourceTree = "<group>"; };
		7E056E221B622CD1007513EF /* Images.xcassets */ = {isa = PBXFileReference; lastKnownFileType = folder.assetcatalog; path = Images.xcassets; sourceTree = "<group>"; };
		7E056E251B622CD1007513EF /* Base */ = {isa = PBXFileReference; lastKnownFileType = file.xib; name = Base; path = Base.lproj/LaunchScreen.xib; sourceTree = "<group>"; };
		7E056E2B1B622CD1007513EF /* testAppTests.xctest */ = {isa = PBXFileReference; explicitFileType = wrapper.cfbundle; includeInIndex = 0; path = testAppTests.xctest; sourceTree = BUILT_PRODUCTS_DIR; };
		7E056E301B622CD1007513EF /* Info.plist */ = {isa = PBXFileReference; lastKnownFileType = text.plist.xml; path = Info.plist; sourceTree = "<group>"; };
		7E056E311B622CD1007513EF /* testAppTests.m */ = {isa = PBXFileReference; lastKnownFileType = sourcecode.c.objc; path = testAppTests.m; sourceTree = "<group>"; };
/* End PBXFileReference section */

/* Begin PBXFrameworksBuildPhase section */
		7E056E0F1B622CD1007513EF /* Frameworks */ = {
			isa = PBXFrameworksBuildPhase;
			buildActionMask = 2147483647;
			files = (
			);
			runOnlyForDeploymentPostprocessing = 0;
		};
		7E056E281B622CD1007513EF /* Frameworks */ = {
			isa = PBXFrameworksBuildPhase;
			buildActionMask = 2147483647;
			files = (
			);
			runOnlyForDeploymentPostprocessing = 0;
		};
/* End PBXFrameworksBuildPhase section */

/* Begin PBXGroup section */
		7E056E091B622CD1007513EF = {
			isa = PBXGroup;
			children = (
				7E056E141B622CD1007513EF /* testApp */,
				7E056E2E1B622CD1007513EF /* testAppTests */,
				7E056E131B622CD1007513EF /* Products */,
			);
			sourceTree = "<group>";
		};
		7E056E131B622CD1007513EF /* Products */ = {
			isa = PBXGroup;
			children = (
				7E056E121B622CD1007513EF /* testApp.app */,
				7E056E2B1B622CD1007513EF /* testAppTests.xctest */,
			);
			name = Products;
			sourceTree = "<group>";
		};
		7E056E141B622CD1007513EF /* testApp */ = {
			isa = PBXGroup;
			children = (
				7E056E191B622CD1007513EF /* AppDelegate.h */,
				7E056E1A1B622CD1007513EF /* AppDelegate.m */,
				7E056E1C1B622CD1007513EF /* ViewController.h */,
				7E056E1D1B622CD1007513EF /* ViewController.m */,
				7E056E1F1B622CD1007513EF /* Main.storyboard */,
				7E056E221B622CD1007513EF /* Images.xcassets */,
				7E056E241B622CD1007513EF /* LaunchScreen.xib */,
				7E056E151B622CD1007513EF /* Supporting Files */,
			);
			path = testApp;
			sourceTree = "<group>";
		};
		7E056E151B622CD1007513EF /* Supporting Files */ = {
			isa = PBXGroup;
			children = (
				7E056E161B622CD1007513EF /* Info.plist */,
				7E056E171B622CD1007513EF /* main.m */,
			);
			name = "Supporting Files";
			sourceTree = "<group>";
		};
		7E056E2E1B622CD1007513EF /* testAppTests */ = {
			isa = PBXGroup;
			children = (
				7E056E311B622CD1007513EF /* testAppTests.m */,
				7E056E2F1B622CD1007513EF /* Supporting Files */,
			);
			path = testAppTests;
			sourceTree = "<group>";
		};
		7E056E2F1B622CD1007513EF /* Supporting Files */ = {
			isa = PBXGroup;
			children = (
				7E056E301B622CD1007513EF /* Info.plist */,
			);
			name = "Supporting Files";
			sourceTree = "<group>";
		};
/* End PBXGroup section */

/* Begin PBXNativeTarget section */
		7E056E111B622CD1007513EF /* testApp */ = {
			isa = PBXNativeTarget;
			buildConfigurationList = 7E056E351B622CD1007513EF /* Build configuration list for PBXNativeTarget "testApp" */;
			buildPhases = (
				7E056E0E1B622CD1007513EF /* Sources */,
				7E056E0F1B622CD1007513EF /* Frameworks */,
				7E056E101B622CD1007513EF /* Resources */,
			);
			buildRules = (
			);
			dependencies = (
			);
			name = testApp;
			productName = testApp;
			productReference = 7E056E121B622CD1007513EF /* testApp.app */;
			productType = "com.apple.product-type.application";
		};
		7E056E2A1B622CD1007513EF /* testAppTests */ = {
			isa = PBXNativeTarget;
			buildConfigurationList = 7E056E381B622CD1007513EF /* Build configuration list for PBXNativeTarget "testAppTests" */;
			buildPhases = (
				7E056E271B622CD1007513EF /* Sources */,
				7E056E281B622CD1007513EF /* Frameworks */,
				7E056E291B622CD1007513EF /* Resources */,
			);
			buildRules = (
			);
			dependencies = (
				7E056E2D1B622CD1007513EF /* PBXTargetDependency */,
			);
			name = testAppTests;
			productName = testAppTests;
			productReference = 7E056E2B1B622CD1007513EF /* testAppTests.xctest */;
			productType = "com.apple.product-type.bundle.unit-test";
		};
/* End PBXNativeTarget section */

/* Begin PBXProject section */
		7E056E0A1B622CD1007513EF /* Project object */ = {
			isa = PBXProject;
			attributes = {
				LastUpgradeCheck = 0630;
				ORGANIZATIONNAME = samuel;
				TargetAttributes = {
					7E056E111B622CD1007513EF = {
						CreatedOnToolsVersion = 6.3;
					};
					7E056E2A1B622CD1007513EF = {
						CreatedOnToolsVersion = 6.3;
						TestTargetID = 7E056E111B622CD1007513EF;
					};
				};
			};
			buildConfigurationList = 7E056E0D1B622CD1007513EF /* Build configuration list for PBXProject "testApp" */;
			compatibilityVersion = "Xcode 3.2";
			developmentRegion = English;
			hasScannedForEncodings = 0;
			knownRegions = (
				en,
				Base,
			);
			mainGroup = 7E056E091B622CD1007513EF;
			productRefGroup = 7E056E131B622CD1007513EF /* Products */;
			projectDirPath = "";
			projectRoot = "";
			targets = (
				7E056E111B622CD1007513EF /* testApp */,
				7E056E2A1B622CD1007513EF /* testAppTests */,
			);
		};
/* End PBXProject section */

/* Begin PBXResourcesBuildPhase section */
		7E056E101B622CD1007513EF /* Resources */ = {
			isa = PBXResourcesBuildPhase;
			buildActionMask = 2147483647;
			files = (
				7E056E211B622CD1007513EF /* Main.storyboard in Resources */,
				7E056E261B622CD1007513EF /* LaunchScreen.xib in Resources */,
				7E056E231B622CD1007513EF /* Images.xcassets in Resources */,
			);
			runOnlyForDeploymentPostprocessing = 0;
		};
		7E056E291B622CD1007513EF /* Resources */ = {
			isa = PBXResourcesBuildPhase;
			buildActionMask = 2147483647;
			files = (
			);
			runOnlyForDeploymentPostprocessing = 0;
		};
/* End PBXResourcesBuildPhase section */

/* Begin PBXSourcesBuildPhase section */
		7E056E0E1B622CD1007513EF /* Sources */ = {
			isa = PBXSourcesBuildPhase;
			buildActionMask = 2147483647;
			files = (
				7E056E1E1B622CD1007513EF /* ViewController.m in Sources */,
				7E056E1B1B622CD1007513EF /* AppDelegate.m in Sources */,
				7E056E181B622CD1007513EF /* main.m in Sources */,
			);
			runOnlyForDeploymentPostprocessing = 0;
		};
		7E056E271B622CD1007513EF /* Sources */ = {
			isa = PBXSourcesBuildPhase;
			buildActionMask = 2147483647;
			files = (
				7E056E321B622CD1007513EF /* testAppTests.m in Sources */,
			);
			runOnlyForDeploymentPostprocessing = 0;
		};
/* End PBXSourcesBuildPhase section */

/* Begin PBXTargetDependency section */
		7E056E2D1B622CD1007513EF /* PBXTargetDependency */ = {
			isa = PBXTargetDependency;
			target = 7E056E111B622CD1007513EF /* testApp */;
			targetProxy = 7E056E2C1B622CD1007513EF /* PBXContainerItemProxy */;
		};
/* End PBXTargetDependency section */

/* Begin PBXVariantGroup section */
		7E056E1F1B622CD1007513EF /* Main.storyboard */ = {
			isa = PBXVariantGroup;
			children = (
				7E056E201B622CD1007513EF /* Base */,
			);
			name = Main.storyboard;
			sourceTree = "<group>";
		};
		7E056E241B622CD1007513EF /* LaunchScreen.xib */ = {
			isa = PBXVariantGroup;
			children = (
				7E056E251B622CD1007513EF /* Base */,
			);
			name = LaunchScreen.xib;
			sourceTree = "<group>";
		};
/* End PBXVariantGroup section */

/* Begin XCBuildConfiguration section */
		7E056E331B622CD1007513EF /* Debug */ = {
			isa = XCBuildConfiguration;
			buildSettings = {
				ALWAYS_SEARCH_USER_PATHS = NO;
				CLANG_CXX_LANGUAGE_STANDARD = "gnu++0x";
				CLANG_CXX_LIBRARY = "libc++";
				CLANG_ENABLE_MODULES = YES;
				CLANG_ENABLE_OBJC_ARC = YES;
				CLANG_WARN_BOOL_CONVERSION = YES;
				CLANG_WARN_CONSTANT_CONVERSION = YES;
				CLANG_WARN_DIRECT_OBJC_ISA_USAGE = YES_ERROR;
				CLANG_WARN_EMPTY_BODY = YES;
				CLANG_WARN_ENUM_CONVERSION = YES;
				CLANG_WARN_INT_CONVERSION = YES;
				CLANG_WARN_OBJC_ROOT_CLASS = YES_ERROR;
				CLANG_WARN_UNREACHABLE_CODE = YES;
				CLANG_WARN__DUPLICATE_METHOD_MATCH = YES;
				"CODE_SIGN_IDENTITY[sdk=iphoneos*]" = "iPhone Developer";
				COPY_PHASE_STRIP = NO;
				DEBUG_INFORMATION_FORMAT = "dwarf-with-dsym";
				ENABLE_STRICT_OBJC_MSGSEND = YES;
				GCC_C_LANGUAGE_STANDARD = gnu99;
				GCC_DYNAMIC_NO_PIC = NO;
				GCC_NO_COMMON_BLOCKS = YES;
				GCC_OPTIMIZATION_LEVEL = 0;
				GCC_PREPROCESSOR_DEFINITIONS = (
					"DEBUG=1",
					"$(inherited)",
				);
				GCC_SYMBOLS_PRIVATE_EXTERN = NO;
				GCC_WARN_64_TO_32_BIT_CONVERSION = YES;
				GCC_WARN_ABOUT_RETURN_TYPE = YES_ERROR;
				GCC_WARN_UNDECLARED_SELECTOR = YES;
				GCC_WARN_UNINITIALIZED_AUTOS = YES_AGGRESSIVE;
				GCC_WARN_UNUSED_FUNCTION = YES;
				GCC_WARN_UNUSED_VARIABLE = YES;
				IPHONEOS_DEPLOYMENT_TARGET = 8.3;
				MTL_ENABLE_DEBUG_INFO = YES;
				ONLY_ACTIVE_ARCH = YES;
				SDKROOT = iphoneos;
			};
			name = Debug;
		};
		7E056E341B622CD1007513EF /* Release */ = {
			isa = XCBuildConfiguration;
			buildSettings = {
				ALWAYS_SEARCH_USER_PATHS = NO;
				CLANG_CXX_LANGUAGE_STANDARD = "gnu++0x";
				CLANG_CXX_LIBRARY = "libc++";
				CLANG_ENABLE_MODULES = YES;
				CLANG_ENABLE_OBJC_ARC = YES;
				CLANG_WARN_BOOL_CONVERSION = YES;
				CLANG_WARN_CONSTANT_CONVERSION = YES;
				CLANG_WARN_DIRECT_OBJC_ISA_USAGE = YES_ERROR;
				CLANG_WARN_EMPTY_BODY = YES;
				CLANG_WARN_ENUM_CONVERSION = YES;
				CLANG_WARN_INT_CONVERSION = YES;
				CLANG_WARN_OBJC_ROOT_CLASS = YES_ERROR;
				CLANG_WARN_UNREACHABLE_CODE = YES;
				CLANG_WARN__DUPLICATE_METHOD_MATCH = YES;
				"CODE_SIGN_IDENTITY[sdk=iphoneos*]" = "iPhone Developer";
				COPY_PHASE_STRIP = NO;
				DEBUG_INFORMATION_FORMAT = "dwarf-with-dsym";
				ENABLE_NS_ASSERTIONS = NO;
				ENABLE_STRICT_OBJC_MSGSEND = YES;
				GCC_C_LANGUAGE_STANDARD = gnu99;
				GCC_NO_COMMON_BLOCKS = YES;
				GCC_WARN_64_TO_32_BIT_CONVERSION = YES;
				GCC_WARN_ABOUT_RETURN_TYPE = YES_ERROR;
				GCC_WARN_UNDECLARED_SELECTOR = YES;
				GCC_WARN_UNINITIALIZED_AUTOS = YES_AGGRESSIVE;
				GCC_WARN_UNUSED_FUNCTION = YES;
				GCC_WARN_UNUSED_VARIABLE = YES;
				IPHONEOS_DEPLOYMENT_TARGET = 8.3;
				MTL_ENABLE_DEBUG_INFO = NO;
				SDKROOT = iphoneos;
				VALIDATE_PRODUCT = YES;
			};
			name = Release;
		};
		7E056E361B622CD1007513EF /* Debug */ = {
			isa = XCBuildConfiguration;
			buildSettings = {
				ASSETCATALOG_COMPILER_APPICON_NAME = AppIcon;
				INFOPLIST_FILE = testApp/Info.plist;
				LD_RUNPATH_SEARCH_PATHS = "$(inherited) @executable_path/Frameworks";
				PRODUCT_NAME = "$(TARGET_NAME)";
			};
			name = Debug;
		};
		7E056E371B622CD1007513EF /* Release */ = {
			isa = XCBuildConfiguration;
			buildSettings = {
				ASSETCATALOG_COMPILER_APPICON_NAME = AppIcon;
				INFOPLIST_FILE = testApp/Info.plist;
				LD_RUNPATH_SEARCH_PATHS = "$(inherited) @executable_path/Frameworks";
				PRODUCT_NAME = "$(TARGET_NAME)";
			};
			name = Release;
		};
		7E056E391B622CD1007513EF /* Debug */ = {
			isa = XCBuildConfiguration;
			buildSettings = {
				BUNDLE_LOADER = "$(TEST_HOST)";
				FRAMEWORK_SEARCH_PATHS = (
					"$(SDKROOT)/Developer/Library/Frameworks",
					"$(inherited)",
				);
				GCC_PREPROCESSOR_DEFINITIONS = (
					"DEBUG=1",
					"$(inherited)",
				);
				INFOPLIST_FILE = testAppTests/Info.plist;
				LD_RUNPATH_SEARCH_PATHS = "$(inherited) @executable_path/Frameworks @loader_path/Frameworks";
				PRODUCT_NAME = "$(TARGET_NAME)";
				TEST_HOST = "$(BUILT_PRODUCTS_DIR)/testApp.app/testApp";
			};
			name = Debug;
		};
		7E056E3A1B622CD1007513EF /* Release */ = {
			isa = XCBuildConfiguration;
			buildSettings = {
				BUNDLE_LOADER = "$(TEST_HOST)";
				FRAMEWORK_SEARCH_PATHS = (
					"$(SDKROOT)/Developer/Library/Frameworks",
					"$(inherited)",
				);
				INFOPLIST_FILE = testAppTests/Info.plist;
				LD_RUNPATH_SEARCH_PATHS = "$(inherited) @executable_path/Frameworks @loader_path/Frameworks";
				PRODUCT_NAME = "$(TARGET_NAME)";
				TEST_HOST = "$(BUILT_PRODUCTS_DIR)/testApp.app/testApp";
			};
			name = Release;
		};
/* End XCBuildConfiguration section */

/* Begin XCConfigurationList section */
		7E056E0D1B622CD1007513EF /* Build configuration list for PBXProject "testApp" */ = {
			isa = XCConfigurationList;
			buildConfigurations = (
				7E056E331B622CD1007513EF /* Debug */,
				7E056E341B622CD1007513EF /* Release */,
			);
			defaultConfigurationIsVisible = 0;
			defaultConfigurationName = Release;
		};
		7E056E351B622CD1007513EF /* Build configuration list for PBXNativeTarget "testApp" */ = {
			isa = XCConfigurationList;
			buildConfigurations = (
				7E056E361B622CD1007513EF /* Debug */,
				7E056E371B622CD1007513EF /* Release */,
			);
			defaultConfigurationIsVisible = 0;
		};
		7E056E381B622CD1007513EF /* Build configuration list for PBXNativeTarget "testAppTests" */ = {
			isa = XCConfigurationList;
			buildConfigurations = (
				7E056E391B622CD1007513EF /* Debug */,
				7E056E3A1B622CD1007513EF /* Release */,
			);
			defaultConfigurationIsVisible = 0;
		};
/* End XCConfigurationList section */
	};
	rootObject = 7E056E0A1B622CD1007513EF /* Project object */;
}
